
Microsoft Visual Studio Solution File, Format Version 12.00
# Visual Studio Version 16
VisualStudioVersion = 16.0.32126.315
MinimumVisualStudioVersion = 10.0.40219.1
Project("{FAE04EC0-301F-11D3-BF4B-00C04F79EFBC}") = "RestaurantProject", "RestaurantProject\RestaurantProject.csproj", "{C08BB23E-114D-4E36-A6EC-988EF197426B}"
EndProject
Global
	GlobalSection(SolutionConfigurationPlatforms) = preSolution
		Debug|Any CPU = Debug|Any CPU
		Release|Any CPU = Release|Any CPU
	EndGlobalSection
	GlobalSection(ProjectConfigurationPlatforms) = postSolution
		{C08BB23E-114D-4E36-A6EC-988EF197426B}.Debug|Any CPU.ActiveCfg = Debug|Any CPU
		{C08BB23E-114D-4E36-A6EC-988EF197426B}.Debug|Any CPU.Build.0 = Debug|Any CPU
		{C08BB23E-114D-4E36-A6EC-988EF197426B}.Release|Any CPU.ActiveCfg = Release|Any CPU
		{C08BB23E-114D-4E36-A6EC-988EF197426B}.Release|Any CPU.Build.0 = Release|Any CPU
	EndGlobalSection
	GlobalSection(SolutionProperties) = preSolution
		HideSolutionNode = FALSE
	EndGlobalSection
	GlobalSection(ExtensibilityGlobals) = postSolution
		SolutionGuid = {EF5FB5B5-BCA4-4759-8212-5BAF35BBCF89}
	EndGlobalSection
EndGlobal
